
Microsoft Visual Studio Solution File, Format Version 12.00
# Visual Studio Version 17
VisualStudioVersion = 17.3.32825.248
MinimumVisualStudioVersion = 10.0.40219.1
Project("{FAE04EC0-301F-11D3-BF4B-00C04F79EFBC}") = "Design Pattern Examples P2", "Design Pattern Examples P2\Design Pattern Examples P2.csproj", "{E51B667D-43DF-4A2F-B989-F26D5AC68227}"
EndProject
Global
	GlobalSection(SolutionConfigurationPlatforms) = preSolution
		Debug|Any CPU = Debug|Any CPU
		Release|Any CPU = Release|Any CPU
	EndGlobalSection
	GlobalSection(ProjectConfigurationPlatforms) = postSolution
		{E51B667D-43DF-4A2F-B989-F26D5AC68227}.Debug|Any CPU.ActiveCfg = Debug|Any CPU
		{E51B667D-43DF-4A2F-B989-F26D5AC68227}.Debug|Any CPU.Build.0 = Debug|Any CPU
		{E51B667D-43DF-4A2F-B989-F26D5AC68227}.Release|Any CPU.ActiveCfg = Release|Any CPU
		{E51B667D-43DF-4A2F-B989-F26D5AC68227}.Release|Any CPU.Build.0 = Release|Any CPU
	EndGlobalSection
	GlobalSection(SolutionProperties) = preSolution
		HideSolutionNode = FALSE
	EndGlobalSection
	GlobalSection(ExtensibilityGlobals) = postSolution
		SolutionGuid = {78016B6D-2FE7-406D-9BEC-69C3B1748BA0}
	EndGlobalSection
EndGlobal
